
Microsoft Visual Studio Solution File, Format Version 12.00
# Visual Studio Version 17
VisualStudioVersion = 17.1.32407.343
MinimumVisualStudioVersion = 10.0.40219.1
Project("{2150E333-8FDC-42A3-9474-1A3956D46DE8}") = "Services", "Services", "{9A94744E-71CE-4D74-839C-CA290E52AD6B}"
EndProject
Project("{2150E333-8FDC-42A3-9474-1A3956D46DE8}") = "Catalog", "Catalog", "{5EA56FF4-7904-46E0-B888-D608D66C90F7}"
EndProject
Project("{9A19103F-16F7-4668-BE54-9A1E7A4F7556}") = "Catalog.API", "Services\Catalog\Catalog.API\Catalog.API.csproj", "{025D88B6-5FDC-490C-BC0A-B3880C635957}"
EndProject
Project("{E53339B2-1760-4266-BCC7-CA923CBCF16C}") = "docker-compose", "docker-compose.dcproj", "{295CA902-BBCA-41FD-90B2-27890AC8EA21}"
EndProject
Project("{2150E333-8FDC-42A3-9474-1A3956D46DE8}") = "Basket", "Basket", "{4EC23D80-2912-4BA1-8789-95A6882374C3}"
EndProject
Project("{9A19103F-16F7-4668-BE54-9A1E7A4F7556}") = "Basket.API", "Services\Basket\Basket.API\Basket.API.csproj", "{9CFD68B4-F81F-4065-8038-2A8FFBDC4270}"
EndProject
Project("{2150E333-8FDC-42A3-9474-1A3956D46DE8}") = "Discount", "Discount", "{76DAC92F-ED8A-42CB-99A2-DB8E2CE1B356}"
EndProject
Project("{9A19103F-16F7-4668-BE54-9A1E7A4F7556}") = "Discount.API", "Services\Discount\Discount.API\Discount.API.csproj", "{9CC3B3B8-21D8-4056-84D1-3ADCC4BA40BE}"
EndProject
Project("{FAE04EC0-301F-11D3-BF4B-00C04F79EFBC}") = "Discount.Grpc", "Services\Discount\Discount.Grpc\Discount.Grpc.csproj", "{E298C91F-C147-4BF7-BFF8-43837B93039E}"
EndProject
Global
	GlobalSection(SolutionConfigurationPlatforms) = preSolution
		Debug|Any CPU = Debug|Any CPU
		Release|Any CPU = Release|Any CPU
	EndGlobalSection
	GlobalSection(ProjectConfigurationPlatforms) = postSolution
		{025D88B6-5FDC-490C-BC0A-B3880C635957}.Debug|Any CPU.ActiveCfg = Debug|Any CPU
		{025D88B6-5FDC-490C-BC0A-B3880C635957}.Debug|Any CPU.Build.0 = Debug|Any CPU
		{025D88B6-5FDC-490C-BC0A-B3880C635957}.Release|Any CPU.ActiveCfg = Release|Any CPU
		{025D88B6-5FDC-490C-BC0A-B3880C635957}.Release|Any CPU.Build.0 = Release|Any CPU
		{295CA902-BBCA-41FD-90B2-27890AC8EA21}.Debug|Any CPU.ActiveCfg = Debug|Any CPU
		{295CA902-BBCA-41FD-90B2-27890AC8EA21}.Debug|Any CPU.Build.0 = Debug|Any CPU
		{295CA902-BBCA-41FD-90B2-27890AC8EA21}.Release|Any CPU.ActiveCfg = Release|Any CPU
		{295CA902-BBCA-41FD-90B2-27890AC8EA21}.Release|Any CPU.Build.0 = Release|Any CPU
		{9CFD68B4-F81F-4065-8038-2A8FFBDC4270}.Debug|Any CPU.ActiveCfg = Debug|Any CPU
		{9CFD68B4-F81F-4065-8038-2A8FFBDC4270}.Debug|Any CPU.Build.0 = Debug|Any CPU
		{9CFD68B4-F81F-4065-8038-2A8FFBDC4270}.Release|Any CPU.ActiveCfg = Release|Any CPU
		{9CFD68B4-F81F-4065-8038-2A8FFBDC4270}.Release|Any CPU.Build.0 = Release|Any CPU
		{9CC3B3B8-21D8-4056-84D1-3ADCC4BA40BE}.Debug|Any CPU.ActiveCfg = Debug|Any CPU
		{9CC3B3B8-21D8-4056-84D1-3ADCC4BA40BE}.Debug|Any CPU.Build.0 = Debug|Any CPU
		{9CC3B3B8-21D8-4056-84D1-3ADCC4BA40BE}.Release|Any CPU.ActiveCfg = Release|Any CPU
		{9CC3B3B8-21D8-4056-84D1-3ADCC4BA40BE}.Release|Any CPU.Build.0 = Release|Any CPU
		{E298C91F-C147-4BF7-BFF8-43837B93039E}.Debug|Any CPU.ActiveCfg = Debug|Any CPU
		{E298C91F-C147-4BF7-BFF8-43837B93039E}.Debug|Any CPU.Build.0 = Debug|Any CPU
		{E298C91F-C147-4BF7-BFF8-43837B93039E}.Release|Any CPU.ActiveCfg = Release|Any CPU
		{E298C91F-C147-4BF7-BFF8-43837B93039E}.Release|Any CPU.Build.0 = Release|Any CPU
	EndGlobalSection
	GlobalSection(SolutionProperties) = preSolution
		HideSolutionNode = FALSE
	EndGlobalSection
	GlobalSection(NestedProjects) = preSolution
		{5EA56FF4-7904-46E0-B888-D608D66C90F7} = {9A94744E-71CE-4D74-839C-CA290E52AD6B}
		{025D88B6-5FDC-490C-BC0A-B3880C635957} = {5EA56FF4-7904-46E0-B888-D608D66C90F7}
		{4EC23D80-2912-4BA1-8789-95A6882374C3} = {9A94744E-71CE-4D74-839C-CA290E52AD6B}
		{9CFD68B4-F81F-4065-8038-2A8FFBDC4270} = {4EC23D80-2912-4BA1-8789-95A6882374C3}
		{76DAC92F-ED8A-42CB-99A2-DB8E2CE1B356} = {9A94744E-71CE-4D74-839C-CA290E52AD6B}
		{9CC3B3B8-21D8-4056-84D1-3ADCC4BA40BE} = {76DAC92F-ED8A-42CB-99A2-DB8E2CE1B356}
		{E298C91F-C147-4BF7-BFF8-43837B93039E} = {76DAC92F-ED8A-42CB-99A2-DB8E2CE1B356}
	EndGlobalSection
	GlobalSection(ExtensibilityGlobals) = postSolution
		SolutionGuid = {3CB2342F-DEE2-4D3F-A792-6CEA35D1B16D}
	EndGlobalSection
EndGlobal
